// !$*UTF8*$!
{
	archiveVersion = 1;
	classes = {
	};
	objectVersion = 56;
	objects = {

/* Begin PBXBuildFile section */
		D365399D2A0181F800AC2CF2 /* TheBridgeApp.swift in Sources */ = {isa = PBXBuildFile; fileRef = D365399C2A0181F800AC2CF2 /* TheBridgeApp.swift */; };
		D365399F2A0181F800AC2CF2 /* ContentView.swift in Sources */ = {isa = PBXBuildFile; fileRef = D365399E2A0181F800AC2CF2 /* ContentView.swift */; };
		D36539A12A0181F900AC2CF2 /* Assets.xcassets in Resources */ = {isa = PBXBuildFile; fileRef = D36539A02A0181F900AC2CF2 /* Assets.xcassets */; };
		D36539A42A0181F900AC2CF2 /* Preview Assets.xcassets in Resources */ = {isa = PBXBuildFile; fileRef = D36539A32A0181F900AC2CF2 /* Preview Assets.xcassets */; };
		D36539AB2A01834500AC2CF2 /* CreditsView.swift in Sources */ = {isa = PBXBuildFile; fileRef = D36539AA2A01834500AC2CF2 /* CreditsView.swift */; };
		D36539AD2A01838600AC2CF2 /* StartView.swift in Sources */ = {isa = PBXBuildFile; fileRef = D36539AC2A01838600AC2CF2 /* StartView.swift */; };
		D36539AF2A0183B600AC2CF2 /* HelpView.swift in Sources */ = {isa = PBXBuildFile; fileRef = D36539AE2A0183B600AC2CF2 /* HelpView.swift */; };
		D36539B12A0183D700AC2CF2 /* SettingsView.swift in Sources */ = {isa = PBXBuildFile; fileRef = D36539B02A0183D700AC2CF2 /* SettingsView.swift */; };
		D36539B32A0183EC00AC2CF2 /* PauseView.swift in Sources */ = {isa = PBXBuildFile; fileRef = D36539B22A0183EC00AC2CF2 /* PauseView.swift */; };
		D36539B52A01840B00AC2CF2 /* UISliderView.swift in Sources */ = {isa = PBXBuildFile; fileRef = D36539B42A01840B00AC2CF2 /* UISliderView.swift */; };
		D36539B82A01844300AC2CF2 /* GameScene.swift in Sources */ = {isa = PBXBuildFile; fileRef = D36539B72A01844300AC2CF2 /* GameScene.swift */; };
		D36539BA2A01846E00AC2CF2 /* GameScene+Colisions.swift in Sources */ = {isa = PBXBuildFile; fileRef = D36539B92A01846E00AC2CF2 /* GameScene+Colisions.swift */; };
		D36539BD2A0184A600AC2CF2 /* GameScene+Setup.swift in Sources */ = {isa = PBXBuildFile; fileRef = D36539BC2A0184A600AC2CF2 /* GameScene+Setup.swift */; };
		D36539BF2A0184C200AC2CF2 /* GameScene+Sound.swift in Sources */ = {isa = PBXBuildFile; fileRef = D36539BE2A0184C200AC2CF2 /* GameScene+Sound.swift */; };
		D36539C12A0184DC00AC2CF2 /* GameScene+Text.swift in Sources */ = {isa = PBXBuildFile; fileRef = D36539C02A0184DC00AC2CF2 /* GameScene+Text.swift */; };
		D36539C32A0184F800AC2CF2 /* GameScene+Touches.swift in Sources */ = {isa = PBXBuildFile; fileRef = D36539C22A0184F800AC2CF2 /* GameScene+Touches.swift */; };
		D36539C52A01850E00AC2CF2 /* GameScene+Update.swift in Sources */ = {isa = PBXBuildFile; fileRef = D36539C42A01850E00AC2CF2 /* GameScene+Update.swift */; };
		D36539D22A018DE100AC2CF2 /* Script.swift in Sources */ = {isa = PBXBuildFile; fileRef = D36539D12A018DE100AC2CF2 /* Script.swift */; };
		D36539D42A018DEB00AC2CF2 /* NavigationHelper.swift in Sources */ = {isa = PBXBuildFile; fileRef = D36539D32A018DEB00AC2CF2 /* NavigationHelper.swift */; };
		D36539D82A018E3300AC2CF2 /* PixelifySans-Regular.otf in Resources */ = {isa = PBXBuildFile; fileRef = D36539D62A018E3300AC2CF2 /* PixelifySans-Regular.otf */; };
		D36539D92A018E3300AC2CF2 /* PixelifySans-Copyright.txt in Resources */ = {isa = PBXBuildFile; fileRef = D36539D72A018E3300AC2CF2 /* PixelifySans-Copyright.txt */; };
		D36539E52A018E5800AC2CF2 /* level6.txt in Resources */ = {isa = PBXBuildFile; fileRef = D36539DB2A018E5800AC2CF2 /* level6.txt */; };
		D36539E62A018E5800AC2CF2 /* level3.txt in Resources */ = {isa = PBXBuildFile; fileRef = D36539DC2A018E5800AC2CF2 /* level3.txt */; };
		D36539E72A018E5800AC2CF2 /* level7.txt in Resources */ = {isa = PBXBuildFile; fileRef = D36539DD2A018E5800AC2CF2 /* level7.txt */; };
		D36539E82A018E5800AC2CF2 /* level1.txt in Resources */ = {isa = PBXBuildFile; fileRef = D36539DE2A018E5800AC2CF2 /* level1.txt */; };
		D36539E92A018E5800AC2CF2 /* level10.txt in Resources */ = {isa = PBXBuildFile; fileRef = D36539DF2A018E5800AC2CF2 /* level10.txt */; };
		D36539EA2A018E5800AC2CF2 /* level4.txt in Resources */ = {isa = PBXBuildFile; fileRef = D36539E02A018E5800AC2CF2 /* level4.txt */; };
		D36539EB2A018E5800AC2CF2 /* level2.txt in Resources */ = {isa = PBXBuildFile; fileRef = D36539E12A018E5800AC2CF2 /* level2.txt */; };
		D36539EC2A018E5800AC2CF2 /* level8.txt in Resources */ = {isa = PBXBuildFile; fileRef = D36539E22A018E5800AC2CF2 /* level8.txt */; };
		D36539ED2A018E5800AC2CF2 /* level5.txt in Resources */ = {isa = PBXBuildFile; fileRef = D36539E32A018E5800AC2CF2 /* level5.txt */; };
		D36539EE2A018E5800AC2CF2 /* level9.txt in Resources */ = {isa = PBXBuildFile; fileRef = D36539E42A018E5800AC2CF2 /* level9.txt */; };
		D36539FE2A018E9000AC2CF2 /* jump.mp3 in Resources */ = {isa = PBXBuildFile; fileRef = D36539F02A018E8F00AC2CF2 /* jump.mp3 */; };
		D36539FF2A018E9000AC2CF2 /* bat.mp3 in Resources */ = {isa = PBXBuildFile; fileRef = D36539F12A018E8F00AC2CF2 /* bat.mp3 */; };
		D3653A002A018E9000AC2CF2 /* clique.wav in Resources */ = {isa = PBXBuildFile; fileRef = D36539F22A018E9000AC2CF2 /* clique.wav */; };
		D3653A012A018E9000AC2CF2 /* birds.mp3 in Resources */ = {isa = PBXBuildFile; fileRef = D36539F32A018E9000AC2CF2 /* birds.mp3 */; };
		D3653A022A018E9000AC2CF2 /* water.mp3 in Resources */ = {isa = PBXBuildFile; fileRef = D36539F42A018E9000AC2CF2 /* water.mp3 */; };
		D3653A032A018E9000AC2CF2 /* wings.mp3 in Resources */ = {isa = PBXBuildFile; fileRef = D36539F52A018E9000AC2CF2 /* wings.mp3 */; };
		D3653A042A018E9000AC2CF2 /* cave.mp3 in Resources */ = {isa = PBXBuildFile; fileRef = D36539F62A018E9000AC2CF2 /* cave.mp3 */; };
		D3653A052A018E9000AC2CF2 /* energy.mp3 in Resources */ = {isa = PBXBuildFile; fileRef = D36539F72A018E9000AC2CF2 /* energy.mp3 */; };
		D3653A062A018E9000AC2CF2 /* clothe.mp3 in Resources */ = {isa = PBXBuildFile; fileRef = D36539F82A018E9000AC2CF2 /* clothe.mp3 */; };
		D3653A072A018E9000AC2CF2 /* break.mp3 in Resources */ = {isa = PBXBuildFile; fileRef = D36539F92A018E9000AC2CF2 /* break.mp3 */; };
		D3653A082A018E9000AC2CF2 /* wind.mp3 in Resources */ = {isa = PBXBuildFile; fileRef = D36539FA2A018E9000AC2CF2 /* wind.mp3 */; };
		D3653A092A018E9000AC2CF2 /* fall.mp3 in Resources */ = {isa = PBXBuildFile; fileRef = D36539FB2A018E9000AC2CF2 /* fall.mp3 */; };
		D3653A0A2A018E9000AC2CF2 /* leaves.mp3 in Resources */ = {isa = PBXBuildFile; fileRef = D36539FC2A018E9000AC2CF2 /* leaves.mp3 */; };
		D3653A0B2A018E9000AC2CF2 /* pant.mp3 in Resources */ = {isa = PBXBuildFile; fileRef = D36539FD2A018E9000AC2CF2 /* pant.mp3 */; };
		D3AC5A372A5A1DA60027D392 /* Localizable.string in Resources */ = {isa = PBXBuildFile; fileRef = D3AC5A392A5A1DA60027D392 /* Localizable.string */; };
/* End PBXBuildFile section */

/* Begin PBXFileReference section */
		D36539992A0181F800AC2CF2 /* TheBridge.app */ = {isa = PBXFileReference; explicitFileType = wrapper.application; includeInIndex = 0; path = TheBridge.app; sourceTree = BUILT_PRODUCTS_DIR; };
		D365399C2A0181F800AC2CF2 /* TheBridgeApp.swift */ = {isa = PBXFileReference; lastKnownFileType = sourcecode.swift; path = TheBridgeApp.swift; sourceTree = "<group>"; };
		D365399E2A0181F800AC2CF2 /* ContentView.swift */ = {isa = PBXFileReference; lastKnownFileType = sourcecode.swift; path = ContentView.swift; sourceTree = "<group>"; };
		D36539A02A0181F900AC2CF2 /* Assets.xcassets */ = {isa = PBXFileReference; lastKnownFileType = folder.assetcatalog; path = Assets.xcassets; sourceTree = "<group>"; };
		D36539A32A0181F900AC2CF2 /* Preview Assets.xcassets */ = {isa = PBXFileReference; lastKnownFileType = folder.assetcatalog; path = "Preview Assets.xcassets"; sourceTree = "<group>"; };
		D36539AA2A01834500AC2CF2 /* CreditsView.swift */ = {isa = PBXFileReference; lastKnownFileType = sourcecode.swift; path = CreditsView.swift; sourceTree = "<group>"; };
		D36539AC2A01838600AC2CF2 /* StartView.swift */ = {isa = PBXFileReference; lastKnownFileType = sourcecode.swift; path = StartView.swift; sourceTree = "<group>"; };
		D36539AE2A0183B600AC2CF2 /* HelpView.swift */ = {isa = PBXFileReference; lastKnownFileType = sourcecode.swift; path = HelpView.swift; sourceTree = "<group>"; };
		D36539B02A0183D700AC2CF2 /* SettingsView.swift */ = {isa = PBXFileReference; lastKnownFileType = sourcecode.swift; path = SettingsView.swift; sourceTree = "<group>"; };
		D36539B22A0183EC00AC2CF2 /* PauseView.swift */ = {isa = PBXFileReference; lastKnownFileType = sourcecode.swift; path = PauseView.swift; sourceTree = "<group>"; };
		D36539B42A01840B00AC2CF2 /* UISliderView.swift */ = {isa = PBXFileReference; fileEncoding = 4; lastKnownFileType = sourcecode.swift; path = UISliderView.swift; sourceTree = "<group>"; };
		D36539B72A01844300AC2CF2 /* GameScene.swift */ = {isa = PBXFileReference; lastKnownFileType = sourcecode.swift; path = GameScene.swift; sourceTree = "<group>"; };
		D36539B92A01846E00AC2CF2 /* GameScene+Colisions.swift */ = {isa = PBXFileReference; lastKnownFileType = sourcecode.swift; path = "GameScene+Colisions.swift"; sourceTree = "<group>"; };
		D36539BC2A0184A600AC2CF2 /* GameScene+Setup.swift */ = {isa = PBXFileReference; lastKnownFileType = sourcecode.swift; path = "GameScene+Setup.swift"; sourceTree = "<group>"; };
		D36539BE2A0184C200AC2CF2 /* GameScene+Sound.swift */ = {isa = PBXFileReference; lastKnownFileType = sourcecode.swift; path = "GameScene+Sound.swift"; sourceTree = "<group>"; };
		D36539C02A0184DC00AC2CF2 /* GameScene+Text.swift */ = {isa = PBXFileReference; lastKnownFileType = sourcecode.swift; path = "GameScene+Text.swift"; sourceTree = "<group>"; };
		D36539C22A0184F800AC2CF2 /* GameScene+Touches.swift */ = {isa = PBXFileReference; lastKnownFileType = sourcecode.swift; path = "GameScene+Touches.swift"; sourceTree = "<group>"; };
		D36539C42A01850E00AC2CF2 /* GameScene+Update.swift */ = {isa = PBXFileReference; lastKnownFileType = sourcecode.swift; path = "GameScene+Update.swift"; sourceTree = "<group>"; };
		D36539D12A018DE100AC2CF2 /* Script.swift */ = {isa = PBXFileReference; fileEncoding = 4; lastKnownFileType = sourcecode.swift; path = Script.swift; sourceTree = "<group>"; };
		D36539D32A018DEB00AC2CF2 /* NavigationHelper.swift */ = {isa = PBXFileReference; fileEncoding = 4; lastKnownFileType = sourcecode.swift; path = NavigationHelper.swift; sourceTree = "<group>"; };
		D36539D62A018E3300AC2CF2 /* PixelifySans-Regular.otf */ = {isa = PBXFileReference; lastKnownFileType = file; path = "PixelifySans-Regular.otf"; sourceTree = "<group>"; };
		D36539D72A018E3300AC2CF2 /* PixelifySans-Copyright.txt */ = {isa = PBXFileReference; fileEncoding = 4; lastKnownFileType = text; path = "PixelifySans-Copyright.txt"; sourceTree = "<group>"; };
		D36539DB2A018E5800AC2CF2 /* level6.txt */ = {isa = PBXFileReference; fileEncoding = 4; lastKnownFileType = text; path = level6.txt; sourceTree = "<group>"; };
		D36539DC2A018E5800AC2CF2 /* level3.txt */ = {isa = PBXFileReference; fileEncoding = 4; lastKnownFileType = text; path = level3.txt; sourceTree = "<group>"; };
		D36539DD2A018E5800AC2CF2 /* level7.txt */ = {isa = PBXFileReference; fileEncoding = 4; lastKnownFileType = text; path = level7.txt; sourceTree = "<group>"; };
		D36539DE2A018E5800AC2CF2 /* level1.txt */ = {isa = PBXFileReference; fileEncoding = 4; lastKnownFileType = text; path = level1.txt; sourceTree = "<group>"; };
		D36539DF2A018E5800AC2CF2 /* level10.txt */ = {isa = PBXFileReference; fileEncoding = 4; lastKnownFileType = text; path = level10.txt; sourceTree = "<group>"; };
		D36539E02A018E5800AC2CF2 /* level4.txt */ = {isa = PBXFileReference; fileEncoding = 4; lastKnownFileType = text; path = level4.txt; sourceTree = "<group>"; };
		D36539E12A018E5800AC2CF2 /* level2.txt */ = {isa = PBXFileReference; fileEncoding = 4; lastKnownFileType = text; path = level2.txt; sourceTree = "<group>"; };
		D36539E22A018E5800AC2CF2 /* level8.txt */ = {isa = PBXFileReference; fileEncoding = 4; lastKnownFileType = text; path = level8.txt; sourceTree = "<group>"; };
		D36539E32A018E5800AC2CF2 /* level5.txt */ = {isa = PBXFileReference; fileEncoding = 4; lastKnownFileType = text; path = level5.txt; sourceTree = "<group>"; };
		D36539E42A018E5800AC2CF2 /* level9.txt */ = {isa = PBXFileReference; fileEncoding = 4; lastKnownFileType = text; path = level9.txt; sourceTree = "<group>"; };
		D36539F02A018E8F00AC2CF2 /* jump.mp3 */ = {isa = PBXFileReference; lastKnownFileType = audio.mp3; path = jump.mp3; sourceTree = "<group>"; };
		D36539F12A018E8F00AC2CF2 /* bat.mp3 */ = {isa = PBXFileReference; lastKnownFileType = audio.mp3; path = bat.mp3; sourceTree = "<group>"; };
		D36539F22A018E9000AC2CF2 /* clique.wav */ = {isa = PBXFileReference; lastKnownFileType = audio.wav; path = clique.wav; sourceTree = "<group>"; };
		D36539F32A018E9000AC2CF2 /* birds.mp3 */ = {isa = PBXFileReference; lastKnownFileType = audio.mp3; path = birds.mp3; sourceTree = "<group>"; };
		D36539F42A018E9000AC2CF2 /* water.mp3 */ = {isa = PBXFileReference; lastKnownFileType = audio.mp3; path = water.mp3; sourceTree = "<group>"; };
		D36539F52A018E9000AC2CF2 /* wings.mp3 */ = {isa = PBXFileReference; lastKnownFileType = audio.mp3; path = wings.mp3; sourceTree = "<group>"; };
		D36539F62A018E9000AC2CF2 /* cave.mp3 */ = {isa = PBXFileReference; lastKnownFileType = audio.mp3; path = cave.mp3; sourceTree = "<group>"; };
		D36539F72A018E9000AC2CF2 /* energy.mp3 */ = {isa = PBXFileReference; lastKnownFileType = audio.mp3; path = energy.mp3; sourceTree = "<group>"; };
		D36539F82A018E9000AC2CF2 /* clothe.mp3 */ = {isa = PBXFileReference; lastKnownFileType = audio.mp3; path = clothe.mp3; sourceTree = "<group>"; };
		D36539F92A018E9000AC2CF2 /* break.mp3 */ = {isa = PBXFileReference; lastKnownFileType = audio.mp3; path = break.mp3; sourceTree = "<group>"; };
		D36539FA2A018E9000AC2CF2 /* wind.mp3 */ = {isa = PBXFileReference; lastKnownFileType = audio.mp3; path = wind.mp3; sourceTree = "<group>"; };
		D36539FB2A018E9000AC2CF2 /* fall.mp3 */ = {isa = PBXFileReference; lastKnownFileType = audio.mp3; path = fall.mp3; sourceTree = "<group>"; };
		D36539FC2A018E9000AC2CF2 /* leaves.mp3 */ = {isa = PBXFileReference; lastKnownFileType = audio.mp3; path = leaves.mp3; sourceTree = "<group>"; };
		D36539FD2A018E9000AC2CF2 /* pant.mp3 */ = {isa = PBXFileReference; lastKnownFileType = audio.mp3; path = pant.mp3; sourceTree = "<group>"; };
		D3AC5A3B2A5A22A50027D392 /* pt-BR */ = {isa = PBXFileReference; lastKnownFileType = text; name = "pt-BR"; path = "pt-BR.lproj/Localizable.string"; sourceTree = "<group>"; };
		D3AC5A3C2A5A24580027D392 /* Base */ = {isa = PBXFileReference; lastKnownFileType = text; name = Base; path = Base.lproj/Localizable.string; sourceTree = "<group>"; };
		D3AC5A3D2A5A249C0027D392 /* en */ = {isa = PBXFileReference; lastKnownFileType = text; name = en; path = en.lproj/Localizable.string; sourceTree = "<group>"; };
/* End PBXFileReference section */

/* Begin PBXFrameworksBuildPhase section */
		D36539962A0181F800AC2CF2 /* Frameworks */ = {
			isa = PBXFrameworksBuildPhase;
			buildActionMask = 2147483647;
			files = (
			);
			runOnlyForDeploymentPostprocessing = 0;
		};
/* End PBXFrameworksBuildPhase section */

/* Begin PBXGroup section */
		D36539902A0181F800AC2CF2 = {
			isa = PBXGroup;
			children = (
				D365399B2A0181F800AC2CF2 /* TheBridge */,
				D365399A2A0181F800AC2CF2 /* Products */,
			);
			sourceTree = "<group>";
		};
		D365399A2A0181F800AC2CF2 /* Products */ = {
			isa = PBXGroup;
			children = (
				D36539992A0181F800AC2CF2 /* TheBridge.app */,
			);
			name = Products;
			sourceTree = "<group>";
		};
		D365399B2A0181F800AC2CF2 /* TheBridge */ = {
			isa = PBXGroup;
			children = (
				D3AC5A392A5A1DA60027D392 /* Localizable.string */,
				D365399C2A0181F800AC2CF2 /* TheBridgeApp.swift */,
				D36539BB2A01847B00AC2CF2 /* Game */,
				D36539B62A01841C00AC2CF2 /* View */,
				D36539C62A01859800AC2CF2 /* Resources */,
				D36539A22A0181F900AC2CF2 /* Preview Content */,
			);
			path = TheBridge;
			sourceTree = "<group>";
		};
		D36539A22A0181F900AC2CF2 /* Preview Content */ = {
			isa = PBXGroup;
			children = (
				D36539A32A0181F900AC2CF2 /* Preview Assets.xcassets */,
			);
			path = "Preview Content";
			sourceTree = "<group>";
		};
		D36539B62A01841C00AC2CF2 /* View */ = {
			isa = PBXGroup;
			children = (
				D365399E2A0181F800AC2CF2 /* ContentView.swift */,
				D36539B02A0183D700AC2CF2 /* SettingsView.swift */,
				D36539B22A0183EC00AC2CF2 /* PauseView.swift */,
				D36539AA2A01834500AC2CF2 /* CreditsView.swift */,
				D36539AC2A01838600AC2CF2 /* StartView.swift */,
				D36539AE2A0183B600AC2CF2 /* HelpView.swift */,
				D36539B42A01840B00AC2CF2 /* UISliderView.swift */,
			);
			path = View;
			sourceTree = "<group>";
		};
		D36539BB2A01847B00AC2CF2 /* Game */ = {
			isa = PBXGroup;
			children = (
				D36539B72A01844300AC2CF2 /* GameScene.swift */,
				D36539B92A01846E00AC2CF2 /* GameScene+Colisions.swift */,
				D36539BC2A0184A600AC2CF2 /* GameScene+Setup.swift */,
				D36539BE2A0184C200AC2CF2 /* GameScene+Sound.swift */,
				D36539C02A0184DC00AC2CF2 /* GameScene+Text.swift */,
				D36539C22A0184F800AC2CF2 /* GameScene+Touches.swift */,
				D36539C42A01850E00AC2CF2 /* GameScene+Update.swift */,
			);
			path = Game;
			sourceTree = "<group>";
		};
		D36539C62A01859800AC2CF2 /* Resources */ = {
			isa = PBXGroup;
			children = (
				D36539EF2A018E8700AC2CF2 /* Sounds */,
				D36539DA2A018E4900AC2CF2 /* Levels */,
				D36539D52A018E2100AC2CF2 /* Font */,
				D36539D12A018DE100AC2CF2 /* Script.swift */,
				D36539D32A018DEB00AC2CF2 /* NavigationHelper.swift */,
				D36539A02A0181F900AC2CF2 /* Assets.xcassets */,
			);
			path = Resources;
			sourceTree = "<group>";
		};
		D36539D52A018E2100AC2CF2 /* Font */ = {
			isa = PBXGroup;
			children = (
				D36539D72A018E3300AC2CF2 /* PixelifySans-Copyright.txt */,
				D36539D62A018E3300AC2CF2 /* PixelifySans-Regular.otf */,
			);
			path = Font;
			sourceTree = "<group>";
		};
		D36539DA2A018E4900AC2CF2 /* Levels */ = {
			isa = PBXGroup;
			children = (
				D36539DE2A018E5800AC2CF2 /* level1.txt */,
				D36539E12A018E5800AC2CF2 /* level2.txt */,
				D36539DC2A018E5800AC2CF2 /* level3.txt */,
				D36539E02A018E5800AC2CF2 /* level4.txt */,
				D36539E32A018E5800AC2CF2 /* level5.txt */,
				D36539DB2A018E5800AC2CF2 /* level6.txt */,
				D36539DD2A018E5800AC2CF2 /* level7.txt */,
				D36539E22A018E5800AC2CF2 /* level8.txt */,
				D36539E42A018E5800AC2CF2 /* level9.txt */,
				D36539DF2A018E5800AC2CF2 /* level10.txt */,
			);
			path = Levels;
			sourceTree = "<group>";
		};
		D36539EF2A018E8700AC2CF2 /* Sounds */ = {
			isa = PBXGroup;
			children = (
				D36539F12A018E8F00AC2CF2 /* bat.mp3 */,
				D36539F32A018E9000AC2CF2 /* birds.mp3 */,
				D36539F92A018E9000AC2CF2 /* break.mp3 */,
				D36539F62A018E9000AC2CF2 /* cave.mp3 */,
				D36539F22A018E9000AC2CF2 /* clique.wav */,
				D36539F82A018E9000AC2CF2 /* clothe.mp3 */,
				D36539F72A018E9000AC2CF2 /* energy.mp3 */,
				D36539FB2A018E9000AC2CF2 /* fall.mp3 */,
				D36539F02A018E8F00AC2CF2 /* jump.mp3 */,
				D36539FC2A018E9000AC2CF2 /* leaves.mp3 */,
				D36539FD2A018E9000AC2CF2 /* pant.mp3 */,
				D36539F42A018E9000AC2CF2 /* water.mp3 */,
				D36539FA2A018E9000AC2CF2 /* wind.mp3 */,
				D36539F52A018E9000AC2CF2 /* wings.mp3 */,
			);
			path = Sounds;
			sourceTree = "<group>";
		};
/* End PBXGroup section */

/* Begin PBXNativeTarget section */
		D36539982A0181F800AC2CF2 /* TheBridge */ = {
			isa = PBXNativeTarget;
			buildConfigurationList = D36539A72A0181F900AC2CF2 /* Build configuration list for PBXNativeTarget "TheBridge" */;
			buildPhases = (
				D36539952A0181F800AC2CF2 /* Sources */,
				D36539962A0181F800AC2CF2 /* Frameworks */,
				D36539972A0181F800AC2CF2 /* Resources */,
			);
			buildRules = (
			);
			dependencies = (
			);
			name = TheBridge;
			productName = TheBridge;
			productReference = D36539992A0181F800AC2CF2 /* TheBridge.app */;
			productType = "com.apple.product-type.application";
		};
/* End PBXNativeTarget section */

/* Begin PBXProject section */
		D36539912A0181F800AC2CF2 /* Project object */ = {
			isa = PBXProject;
			attributes = {
				BuildIndependentTargetsInParallel = 1;
				LastSwiftUpdateCheck = 1420;
				LastUpgradeCheck = 1420;
				TargetAttributes = {
					D36539982A0181F800AC2CF2 = {
						CreatedOnToolsVersion = 14.2;
					};
				};
			};
			buildConfigurationList = D36539942A0181F800AC2CF2 /* Build configuration list for PBXProject "TheBridge" */;
			compatibilityVersion = "Xcode 14.0";
			developmentRegion = "pt-BR";
			hasScannedForEncodings = 0;
			knownRegions = (
				Base,
				"pt-BR",
				en,
			);
			mainGroup = D36539902A0181F800AC2CF2;
			productRefGroup = D365399A2A0181F800AC2CF2 /* Products */;
			projectDirPath = "";
			projectRoot = "";
			targets = (
				D36539982A0181F800AC2CF2 /* TheBridge */,
			);
		};
/* End PBXProject section */

/* Begin PBXResourcesBuildPhase section */
		D36539972A0181F800AC2CF2 /* Resources */ = {
			isa = PBXResourcesBuildPhase;
			buildActionMask = 2147483647;
			files = (
				D36539EA2A018E5800AC2CF2 /* level4.txt in Resources */,
				D3653A002A018E9000AC2CF2 /* clique.wav in Resources */,
				D36539E92A018E5800AC2CF2 /* level10.txt in Resources */,
				D36539FE2A018E9000AC2CF2 /* jump.mp3 in Resources */,
				D3653A082A018E9000AC2CF2 /* wind.mp3 in Resources */,
				D3653A072A018E9000AC2CF2 /* break.mp3 in Resources */,
				D36539EC2A018E5800AC2CF2 /* level8.txt in Resources */,
				D3653A042A018E9000AC2CF2 /* cave.mp3 in Resources */,
				D36539A42A0181F900AC2CF2 /* Preview Assets.xcassets in Resources */,
				D3653A062A018E9000AC2CF2 /* clothe.mp3 in Resources */,
				D36539A12A0181F900AC2CF2 /* Assets.xcassets in Resources */,
				D36539ED2A018E5800AC2CF2 /* level5.txt in Resources */,
				D36539D92A018E3300AC2CF2 /* PixelifySans-Copyright.txt in Resources */,
				D36539E62A018E5800AC2CF2 /* level3.txt in Resources */,
				D3653A0B2A018E9000AC2CF2 /* pant.mp3 in Resources */,
				D36539D82A018E3300AC2CF2 /* PixelifySans-Regular.otf in Resources */,
				D36539EE2A018E5800AC2CF2 /* level9.txt in Resources */,
				D36539EB2A018E5800AC2CF2 /* level2.txt in Resources */,
				D3653A012A018E9000AC2CF2 /* birds.mp3 in Resources */,
				D3653A022A018E9000AC2CF2 /* water.mp3 in Resources */,
				D36539E82A018E5800AC2CF2 /* level1.txt in Resources */,
				D3653A0A2A018E9000AC2CF2 /* leaves.mp3 in Resources */,
				D3653A092A018E9000AC2CF2 /* fall.mp3 in Resources */,
				D3653A052A018E9000AC2CF2 /* energy.mp3 in Resources */,
				D3AC5A372A5A1DA60027D392 /* Localizable.string in Resources */,
				D3653A032A018E9000AC2CF2 /* wings.mp3 in Resources */,
				D36539E52A018E5800AC2CF2 /* level6.txt in Resources */,
				D36539E72A018E5800AC2CF2 /* level7.txt in Resources */,
				D36539FF2A018E9000AC2CF2 /* bat.mp3 in Resources */,
			);
			runOnlyForDeploymentPostprocessing = 0;
		};
/* End PBXResourcesBuildPhase section */

/* Begin PBXSourcesBuildPhase section */
		D36539952A0181F800AC2CF2 /* Sources */ = {
			isa = PBXSourcesBuildPhase;
			buildActionMask = 2147483647;
			files = (
				D36539AB2A01834500AC2CF2 /* CreditsView.swift in Sources */,
				D36539B52A01840B00AC2CF2 /* UISliderView.swift in Sources */,
				D36539C32A0184F800AC2CF2 /* GameScene+Touches.swift in Sources */,
				D365399F2A0181F800AC2CF2 /* ContentView.swift in Sources */,
				D36539C12A0184DC00AC2CF2 /* GameScene+Text.swift in Sources */,
				D36539BD2A0184A600AC2CF2 /* GameScene+Setup.swift in Sources */,
				D36539BF2A0184C200AC2CF2 /* GameScene+Sound.swift in Sources */,
				D36539B82A01844300AC2CF2 /* GameScene.swift in Sources */,
				D36539C52A01850E00AC2CF2 /* GameScene+Update.swift in Sources */,
				D36539BA2A01846E00AC2CF2 /* GameScene+Colisions.swift in Sources */,
				D365399D2A0181F800AC2CF2 /* TheBridgeApp.swift in Sources */,
				D36539B12A0183D700AC2CF2 /* SettingsView.swift in Sources */,
				D36539D22A018DE100AC2CF2 /* Script.swift in Sources */,
				D36539D42A018DEB00AC2CF2 /* NavigationHelper.swift in Sources */,
				D36539AF2A0183B600AC2CF2 /* HelpView.swift in Sources */,
				D36539AD2A01838600AC2CF2 /* StartView.swift in Sources */,
				D36539B32A0183EC00AC2CF2 /* PauseView.swift in Sources */,
			);
			runOnlyForDeploymentPostprocessing = 0;
		};
/* End PBXSourcesBuildPhase section */

/* Begin PBXVariantGroup section */
		D3AC5A392A5A1DA60027D392 /* Localizable.string */ = {
			isa = PBXVariantGroup;
			children = (
				D3AC5A3B2A5A22A50027D392 /* pt-BR */,
				D3AC5A3C2A5A24580027D392 /* Base */,
				D3AC5A3D2A5A249C0027D392 /* en */,
			);
			name = Localizable.string;
			sourceTree = "<group>";
		};
/* End PBXVariantGroup section */

/* Begin XCBuildConfiguration section */
		D36539A52A0181F900AC2CF2 /* Debug */ = {
			isa = XCBuildConfiguration;
			buildSettings = {
				ALWAYS_SEARCH_USER_PATHS = NO;
				CLANG_ANALYZER_LOCALIZABILITY_NONLOCALIZED = YES;
				CLANG_ANALYZER_NONNULL = YES;
				CLANG_ANALYZER_NUMBER_OBJECT_CONVERSION = YES_AGGRESSIVE;
				CLANG_CXX_LANGUAGE_STANDARD = "gnu++20";
				CLANG_ENABLE_MODULES = YES;
				CLANG_ENABLE_OBJC_ARC = YES;
				CLANG_ENABLE_OBJC_WEAK = YES;
				CLANG_WARN_BLOCK_CAPTURE_AUTORELEASING = YES;
				CLANG_WARN_BOOL_CONVERSION = YES;
				CLANG_WARN_COMMA = YES;
				CLANG_WARN_CONSTANT_CONVERSION = YES;
				CLANG_WARN_DEPRECATED_OBJC_IMPLEMENTATIONS = YES;
				CLANG_WARN_DIRECT_OBJC_ISA_USAGE = YES_ERROR;
				CLANG_WARN_DOCUMENTATION_COMMENTS = YES;
				CLANG_WARN_EMPTY_BODY = YES;
				CLANG_WARN_ENUM_CONVERSION = YES;
				CLANG_WARN_INFINITE_RECURSION = YES;
				CLANG_WARN_INT_CONVERSION = YES;
				CLANG_WARN_NON_LITERAL_NULL_CONVERSION = YES;
				CLANG_WARN_OBJC_IMPLICIT_RETAIN_SELF = YES;
				CLANG_WARN_OBJC_LITERAL_CONVERSION = YES;
				CLANG_WARN_OBJC_ROOT_CLASS = YES_ERROR;
				CLANG_WARN_QUOTED_INCLUDE_IN_FRAMEWORK_HEADER = YES;
				CLANG_WARN_RANGE_LOOP_ANALYSIS = YES;
				CLANG_WARN_STRICT_PROTOTYPES = YES;
				CLANG_WARN_SUSPICIOUS_MOVE = YES;
				CLANG_WARN_UNGUARDED_AVAILABILITY = YES_AGGRESSIVE;
				CLANG_WARN_UNREACHABLE_CODE = YES;
				CLANG_WARN__DUPLICATE_METHOD_MATCH = YES;
				COPY_PHASE_STRIP = NO;
				DEBUG_INFORMATION_FORMAT = dwarf;
				ENABLE_STRICT_OBJC_MSGSEND = YES;
				ENABLE_TESTABILITY = YES;
				GCC_C_LANGUAGE_STANDARD = gnu11;
				GCC_DYNAMIC_NO_PIC = NO;
				GCC_NO_COMMON_BLOCKS = YES;
				GCC_OPTIMIZATION_LEVEL = 0;
				GCC_PREPROCESSOR_DEFINITIONS = (
					"DEBUG=1",
					"$(inherited)",
				);
				GCC_WARN_64_TO_32_BIT_CONVERSION = YES;
				GCC_WARN_ABOUT_RETURN_TYPE = YES_ERROR;
				GCC_WARN_UNDECLARED_SELECTOR = YES;
				GCC_WARN_UNINITIALIZED_AUTOS = YES_AGGRESSIVE;
				GCC_WARN_UNUSED_FUNCTION = YES;
				GCC_WARN_UNUSED_VARIABLE = YES;
				IPHONEOS_DEPLOYMENT_TARGET = 16.2;
				MTL_ENABLE_DEBUG_INFO = INCLUDE_SOURCE;
				MTL_FAST_MATH = YES;
				ONLY_ACTIVE_ARCH = YES;
				SDKROOT = iphoneos;
				SWIFT_ACTIVE_COMPILATION_CONDITIONS = DEBUG;
				SWIFT_OPTIMIZATION_LEVEL = "-Onone";
			};
			name = Debug;
		};
		D36539A62A0181F900AC2CF2 /* Release */ = {
			isa = XCBuildConfiguration;
			buildSettings = {
				ALWAYS_SEARCH_USER_PATHS = NO;
				CLANG_ANALYZER_LOCALIZABILITY_NONLOCALIZED = YES;
				CLANG_ANALYZER_NONNULL = YES;
				CLANG_ANALYZER_NUMBER_OBJECT_CONVERSION = YES_AGGRESSIVE;
				CLANG_CXX_LANGUAGE_STANDARD = "gnu++20";
				CLANG_ENABLE_MODULES = YES;
				CLANG_ENABLE_OBJC_ARC = YES;
				CLANG_ENABLE_OBJC_WEAK = YES;
				CLANG_WARN_BLOCK_CAPTURE_AUTORELEASING = YES;
				CLANG_WARN_BOOL_CONVERSION = YES;
				CLANG_WARN_COMMA = YES;
				CLANG_WARN_CONSTANT_CONVERSION = YES;
				CLANG_WARN_DEPRECATED_OBJC_IMPLEMENTATIONS = YES;
				CLANG_WARN_DIRECT_OBJC_ISA_USAGE = YES_ERROR;
				CLANG_WARN_DOCUMENTATION_COMMENTS = YES;
				CLANG_WARN_EMPTY_BODY = YES;
				CLANG_WARN_ENUM_CONVERSION = YES;
				CLANG_WARN_INFINITE_RECURSION = YES;
				CLANG_WARN_INT_CONVERSION = YES;
				CLANG_WARN_NON_LITERAL_NULL_CONVERSION = YES;
				CLANG_WARN_OBJC_IMPLICIT_RETAIN_SELF = YES;
				CLANG_WARN_OBJC_LITERAL_CONVERSION = YES;
				CLANG_WARN_OBJC_ROOT_CLASS = YES_ERROR;
				CLANG_WARN_QUOTED_INCLUDE_IN_FRAMEWORK_HEADER = YES;
				CLANG_WARN_RANGE_LOOP_ANALYSIS = YES;
				CLANG_WARN_STRICT_PROTOTYPES = YES;
				CLANG_WARN_SUSPICIOUS_MOVE = YES;
				CLANG_WARN_UNGUARDED_AVAILABILITY = YES_AGGRESSIVE;
				CLANG_WARN_UNREACHABLE_CODE = YES;
				CLANG_WARN__DUPLICATE_METHOD_MATCH = YES;
				COPY_PHASE_STRIP = NO;
				DEBUG_INFORMATION_FORMAT = "dwarf-with-dsym";
				ENABLE_NS_ASSERTIONS = NO;
				ENABLE_STRICT_OBJC_MSGSEND = YES;
				GCC_C_LANGUAGE_STANDARD = gnu11;
				GCC_NO_COMMON_BLOCKS = YES;
				GCC_WARN_64_TO_32_BIT_CONVERSION = YES;
				GCC_WARN_ABOUT_RETURN_TYPE = YES_ERROR;
				GCC_WARN_UNDECLARED_SELECTOR = YES;
				GCC_WARN_UNINITIALIZED_AUTOS = YES_AGGRESSIVE;
				GCC_WARN_UNUSED_FUNCTION = YES;
				GCC_WARN_UNUSED_VARIABLE = YES;
				IPHONEOS_DEPLOYMENT_TARGET = 16.2;
				MTL_ENABLE_DEBUG_INFO = NO;
				MTL_FAST_MATH = YES;
				SDKROOT = iphoneos;
				SWIFT_COMPILATION_MODE = wholemodule;
				SWIFT_OPTIMIZATION_LEVEL = "-O";
				VALIDATE_PRODUCT = YES;
			};
			name = Release;
		};
		D36539A82A0181F900AC2CF2 /* Debug */ = {
			isa = XCBuildConfiguration;
			buildSettings = {
				ASSETCATALOG_COMPILER_APPICON_NAME = AppIcon;
				ASSETCATALOG_COMPILER_GLOBAL_ACCENT_COLOR_NAME = AccentColor;
				CODE_SIGN_STYLE = Automatic;
				CURRENT_PROJECT_VERSION = 1;
				DEVELOPMENT_ASSET_PATHS = "\"TheBridge/Preview Content\"";
				DEVELOPMENT_TEAM = B6XWN7H84M;
				ENABLE_PREVIEWS = YES;
				GENERATE_INFOPLIST_FILE = YES;
				INFOPLIST_KEY_CFBundleDisplayName = "The Bridge";
				INFOPLIST_KEY_LSApplicationCategoryType = "public.app-category.games";
				INFOPLIST_KEY_UIApplicationSceneManifest_Generation = YES;
				INFOPLIST_KEY_UIApplicationSupportsIndirectInputEvents = YES;
				INFOPLIST_KEY_UILaunchScreen_Generation = YES;
				INFOPLIST_KEY_UIRequiresFullScreen = YES;
				INFOPLIST_KEY_UIStatusBarHidden = YES;
				INFOPLIST_KEY_UISupportedInterfaceOrientations = "UIInterfaceOrientationLandscapeLeft UIInterfaceOrientationLandscapeRight";
				IPHONEOS_DEPLOYMENT_TARGET = 16.0;
				LD_RUNPATH_SEARCH_PATHS = (
					"$(inherited)",
					"@executable_path/Frameworks",
				);
				MARKETING_VERSION = 1.1.4;
				PRODUCT_BUNDLE_IDENTIFIER = "br.ufpe.cin.academy-rsbj.TheBridge";
				PRODUCT_NAME = "$(TARGET_NAME)";
				SUPPORTED_PLATFORMS = "iphoneos iphonesimulator";
				SUPPORTS_MACCATALYST = NO;
				SUPPORTS_MAC_DESIGNED_FOR_IPHONE_IPAD = NO;
				SWIFT_EMIT_LOC_STRINGS = YES;
				SWIFT_VERSION = 5.0;
				TARGETED_DEVICE_FAMILY = "1,2";
			};
			name = Debug;
		};
		D36539A92A0181F900AC2CF2 /* Release */ = {
			isa = XCBuildConfiguration;
			buildSettings = {
				ASSETCATALOG_COMPILER_APPICON_NAME = AppIcon;
				ASSETCATALOG_COMPILER_GLOBAL_ACCENT_COLOR_NAME = AccentColor;
				CODE_SIGN_STYLE = Automatic;
				CURRENT_PROJECT_VERSION = 1;
				DEVELOPMENT_ASSET_PATHS = "\"TheBridge/Preview Content\"";
				DEVELOPMENT_TEAM = B6XWN7H84M;
				ENABLE_PREVIEWS = YES;
				GENERATE_INFOPLIST_FILE = YES;
				INFOPLIST_KEY_CFBundleDisplayName = "The Bridge";
				INFOPLIST_KEY_LSApplicationCategoryType = "public.app-category.games";
				INFOPLIST_KEY_UIApplicationSceneManifest_Generation = YES;
				INFOPLIST_KEY_UIApplicationSupportsIndirectInputEvents = YES;
				INFOPLIST_KEY_UILaunchScreen_Generation = YES;
				INFOPLIST_KEY_UIRequiresFullScreen = YES;
				INFOPLIST_KEY_UIStatusBarHidden = YES;
				INFOPLIST_KEY_UISupportedInterfaceOrientations = "UIInterfaceOrientationLandscapeLeft UIInterfaceOrientationLandscapeRight";
				IPHONEOS_DEPLOYMENT_TARGET = 16.0;
				LD_RUNPATH_SEARCH_PATHS = (
					"$(inherited)",
					"@executable_path/Frameworks",
				);
				MARKETING_VERSION = 1.1.4;
				PRODUCT_BUNDLE_IDENTIFIER = "br.ufpe.cin.academy-rsbj.TheBridge";
				PRODUCT_NAME = "$(TARGET_NAME)";
				SUPPORTED_PLATFORMS = "iphoneos iphonesimulator";
				SUPPORTS_MACCATALYST = NO;
				SUPPORTS_MAC_DESIGNED_FOR_IPHONE_IPAD = NO;
				SWIFT_EMIT_LOC_STRINGS = YES;
				SWIFT_VERSION = 5.0;
				TARGETED_DEVICE_FAMILY = "1,2";
			};
			name = Release;
		};
/* End XCBuildConfiguration section */

/* Begin XCConfigurationList section */
		D36539942A0181F800AC2CF2 /* Build configuration list for PBXProject "TheBridge" */ = {
			isa = XCConfigurationList;
			buildConfigurations = (
				D36539A52A0181F900AC2CF2 /* Debug */,
				D36539A62A0181F900AC2CF2 /* Release */,
			);
			defaultConfigurationIsVisible = 0;
			defaultConfigurationName = Release;
		};
		D36539A72A0181F900AC2CF2 /* Build configuration list for PBXNativeTarget "TheBridge" */ = {
			isa = XCConfigurationList;
			buildConfigurations = (
				D36539A82A0181F900AC2CF2 /* Debug */,
				D36539A92A0181F900AC2CF2 /* Release */,
			);
			defaultConfigurationIsVisible = 0;
			defaultConfigurationName = Release;
		};
/* End XCConfigurationList section */
	};
	rootObject = D36539912A0181F800AC2CF2 /* Project object */;
}
